
Microsoft Visual Studio Solution File, Format Version 12.00
# Visual Studio 15
VisualStudioVersion = 15.0.28307.136
MinimumVisualStudioVersion = 10.0.40219.1
Project("{FAE04EC0-301F-11D3-BF4B-00C04F79EFBC}") = "aa_25.03.2020", "aa_25.03.2020.csproj", "{FCC2C832-1FE6-4B0D-AB31-E0034AAA8941}"
EndProject
Global
	GlobalSection(SolutionConfigurationPlatforms) = preSolution
		Debug|Any CPU = Debug|Any CPU
		Release|Any CPU = Release|Any CPU
	EndGlobalSection
	GlobalSection(ProjectConfigurationPlatforms) = postSolution
		{FCC2C832-1FE6-4B0D-AB31-E0034AAA8941}.Debug|Any CPU.ActiveCfg = Debug|Any CPU
		{FCC2C832-1FE6-4B0D-AB31-E0034AAA8941}.Debug|Any CPU.Build.0 = Debug|Any CPU
		{FCC2C832-1FE6-4B0D-AB31-E0034AAA8941}.Release|Any CPU.ActiveCfg = Release|Any CPU
		{FCC2C832-1FE6-4B0D-AB31-E0034AAA8941}.Release|Any CPU.Build.0 = Release|Any CPU
	EndGlobalSection
	GlobalSection(SolutionProperties) = preSolution
		HideSolutionNode = FALSE
	EndGlobalSection
	GlobalSection(ExtensibilityGlobals) = postSolution
		SolutionGuid = {08DED66C-EDA3-4AA1-B409-E16B13B33746}
	EndGlobalSection
EndGlobal
